{
  "nodes": {
    "nixpkgs": {
      "locked": {
        "lastModified": 1736200483,
        "narHash": "sha256-JO+lFN2HsCwSLMUWXHeOad6QUxOuwe9UOAF/iSl1J4I=",
        "owner": "nixos",
        "repo": "nixpkgs",
        "rev": "3f0a8ac25fb674611b98089ca3a5dd6480175751",
        "type": "github"
      },
      "original": {
        "owner": "nixos",
        "ref": "nixos-24.11",
        "repo": "nixpkgs",
        "type": "github"
      }
    },
    "nixpkgs-haskell-updates": {
      "locked": {
        "lastModified": 1736295319,
        "narHash": "sha256-D408QVHL43RPYdPnGhTpBHJs4wVIebbsmh/SAAY0vAE=",
        "owner": "nixos",
        "repo": "nixpkgs",
        "rev": "b6b38bb0649cb8393492949e01b1e331c3a05718",
        "type": "github"
      },
      "original": {
        "owner": "nixos",
        "ref": "haskell-updates",
        "repo": "nixpkgs",
        "type": "github"
      }
    },
    "pgp-wordlist": {
      "flake": false,
      "locked": {
        "lastModified": 1714149562,
        "narHash": "sha256-WCFQgtWqq+gLst4lXkFYlmlW7L8PQOJfChsKMApy3Ng=",
        "owner": "quchen",
        "repo": "pgp-wordlist",
        "rev": "1f0cfd90d62179952cbfd59c3405283a1d364272",
        "type": "github"
      },
      "original": {
        "owner": "quchen",
        "repo": "pgp-wordlist",
        "type": "github"
      }
    },
    "root": {
      "inputs": {
        "nixpkgs": "nixpkgs",
        "nixpkgs-haskell-updates": "nixpkgs-haskell-updates",
        "pgp-wordlist": "pgp-wordlist",
        "stacklock2nix": "stacklock2nix"
      }
    },
    "stacklock2nix": {
      "locked": {
        "lastModified": 1731366632,
        "narHash": "sha256-dd10Hyqbyhg83pgxE8Sl1jo9wdYzTU4muH83TjhyrCY=",
        "owner": "cdepillabout",
        "repo": "stacklock2nix",
        "rev": "3cb77e9c869be90ad939f368096ff2cc940881d4",
        "type": "github"
      },
      "original": {
        "owner": "cdepillabout",
        "repo": "stacklock2nix",
        "type": "github"
      }
    }
  },
  "root": "root",
  "version": 7
}
