{
  "nodes": {
    "all-cabal-hashes": {
      "flake": false,
      "locked": {
        "lastModified": 1722379361,
        "narHash": "sha256-VMUGBZGaiyDrikZh/t2/M7QKekOkK1auPtK2KmnakZ8=",
        "owner": "commercialhaskell",
        "repo": "all-cabal-hashes",
        "rev": "69c9ea6a7746281865968fdccf00a07f5e1bdc04",
        "type": "github"
      },
      "original": {
        "owner": "commercialhaskell",
        "ref": "hackage",
        "repo": "all-cabal-hashes",
        "type": "github"
      }
    },
    "nixpkgs": {
      "locked": {
        "lastModified": 1722185531,
        "narHash": "sha256-veKR07psFoJjINLC8RK4DiLniGGMgF3QMlS4tb74S6k=",
        "owner": "nixos",
        "repo": "nixpkgs",
        "rev": "52ec9ac3b12395ad677e8b62106f0b98c1f8569d",
        "type": "github"
      },
      "original": {
        "owner": "nixos",
        "ref": "nixos-unstable",
        "repo": "nixpkgs",
        "type": "github"
      }
    },
    "pgp-wordlist": {
      "flake": false,
      "locked": {
        "lastModified": 1714149562,
        "narHash": "sha256-WCFQgtWqq+gLst4lXkFYlmlW7L8PQOJfChsKMApy3Ng=",
        "owner": "quchen",
        "repo": "pgp-wordlist",
        "rev": "1f0cfd90d62179952cbfd59c3405283a1d364272",
        "type": "github"
      },
      "original": {
        "owner": "quchen",
        "repo": "pgp-wordlist",
        "type": "github"
      }
    },
    "root": {
      "inputs": {
        "all-cabal-hashes": "all-cabal-hashes",
        "nixpkgs": "nixpkgs",
        "pgp-wordlist": "pgp-wordlist",
        "stacklock2nix": "stacklock2nix"
      }
    },
    "stacklock2nix": {
      "locked": {
        "lastModified": 1705051190,
        "narHash": "sha256-xgH0gaD3dNtOzZzX3A40hZTiHJP5cIGmifbmfcS2OGI=",
        "owner": "cdepillabout",
        "repo": "stacklock2nix",
        "rev": "22676dfc45fa1c33899ba1da1a23665172a18ba7",
        "type": "github"
      },
      "original": {
        "owner": "cdepillabout",
        "repo": "stacklock2nix",
        "type": "github"
      }
    }
  },
  "root": "root",
  "version": 7
}
