{
  "nodes": {
    "nixpkgs": {
      "locked": {
        "lastModified": 1734323986,
        "narHash": "sha256-m/lh6hYMIWDYHCAsn81CDAiXoT3gmxXI9J987W5tZrE=",
        "owner": "nixos",
        "repo": "nixpkgs",
        "rev": "394571358ce82dff7411395829aa6a3aad45b907",
        "type": "github"
      },
      "original": {
        "owner": "nixos",
        "ref": "nixos-24.11",
        "repo": "nixpkgs",
        "type": "github"
      }
    },
    "nixpkgs-haskell-updates": {
      "locked": {
        "lastModified": 1734394670,
        "narHash": "sha256-ttW+BaeNbquXRMFbjqTo2D2vOBv95jHRWgD/94yMGw8=",
        "owner": "nixos",
        "repo": "nixpkgs",
        "rev": "873b5ff14545ee502918a74993cfb77b474e2805",
        "type": "github"
      },
      "original": {
        "owner": "nixos",
        "ref": "haskell-updates",
        "repo": "nixpkgs",
        "type": "github"
      }
    },
    "pgp-wordlist": {
      "flake": false,
      "locked": {
        "lastModified": 1714149562,
        "narHash": "sha256-WCFQgtWqq+gLst4lXkFYlmlW7L8PQOJfChsKMApy3Ng=",
        "owner": "quchen",
        "repo": "pgp-wordlist",
        "rev": "1f0cfd90d62179952cbfd59c3405283a1d364272",
        "type": "github"
      },
      "original": {
        "owner": "quchen",
        "repo": "pgp-wordlist",
        "type": "github"
      }
    },
    "root": {
      "inputs": {
        "nixpkgs": "nixpkgs",
        "nixpkgs-haskell-updates": "nixpkgs-haskell-updates",
        "pgp-wordlist": "pgp-wordlist",
        "stacklock2nix": "stacklock2nix"
      }
    },
    "stacklock2nix": {
      "locked": {
        "lastModified": 1731366632,
        "narHash": "sha256-dd10Hyqbyhg83pgxE8Sl1jo9wdYzTU4muH83TjhyrCY=",
        "owner": "cdepillabout",
        "repo": "stacklock2nix",
        "rev": "3cb77e9c869be90ad939f368096ff2cc940881d4",
        "type": "github"
      },
      "original": {
        "owner": "cdepillabout",
        "repo": "stacklock2nix",
        "type": "github"
      }
    }
  },
  "root": "root",
  "version": 7
}
