# This file was autogenerated by Stack.
# You should not edit this file by hand.
# For more information, please see the documentation at:
#   https://docs.haskellstack.org/en/stable/lock_files

packages:
- completed:
    hackage: yaml-marked-0.1.0.0@sha256:6390773525f376e881328e95c98a8e38c4e9c188a02f610d23b5aa2eea35500e,5598
    pantry-tree:
      sha256: 27af7104a559e210f927b67f8ebafa768e6125ca08e3d079fcaff95edc7360d6
      size: 1167
  original:
    hackage: yaml-marked-0.1.0.0
snapshots:
- completed:
    sha256: acaab6ca693211938d1542abcb1c83a2f298b9f6b571854a9d38febe39b6408e
    size: 719577
    url: https://raw.githubusercontent.com/commercialhaskell/stackage-snapshots/master/lts/22/31.yaml
  original: lts-22.31
